
Microsoft Visual Studio Solution File, Format Version 12.00
# Visual Studio Version 17
VisualStudioVersion = 17.8.34330.188
MinimumVisualStudioVersion = 10.0.40219.1
Project("{FAE04EC0-301F-11D3-BF4B-00C04F79EFBC}") = "Restuarant", "Restuarant.csproj", "{F05E1773-2790-4E2A-86E1-44955C1C2CC1}"
EndProject
Global
	GlobalSection(SolutionConfigurationPlatforms) = preSolution
		Debug|Any CPU = Debug|Any CPU
		Release|Any CPU = Release|Any CPU
	EndGlobalSection
	GlobalSection(ProjectConfigurationPlatforms) = postSolution
		{F05E1773-2790-4E2A-86E1-44955C1C2CC1}.Debug|Any CPU.ActiveCfg = Debug|Any CPU
		{F05E1773-2790-4E2A-86E1-44955C1C2CC1}.Debug|Any CPU.Build.0 = Debug|Any CPU
		{F05E1773-2790-4E2A-86E1-44955C1C2CC1}.Release|Any CPU.ActiveCfg = Release|Any CPU
		{F05E1773-2790-4E2A-86E1-44955C1C2CC1}.Release|Any CPU.Build.0 = Release|Any CPU
	EndGlobalSection
	GlobalSection(SolutionProperties) = preSolution
		HideSolutionNode = FALSE
	EndGlobalSection
	GlobalSection(ExtensibilityGlobals) = postSolution
		SolutionGuid = {D288E066-8000-4998-A7E9-57F61F6B9191}
	EndGlobalSection
EndGlobal
